// !$*UTF8*$!
{
	archiveVersion = 1;
	classes = {
	};
	objectVersion = 50;
	objects = {

/* Begin PBXBuildFile section */
		990440C0230A3E73008FCE2E /* AppDelegate.m in Sources */ = {isa = PBXBuildFile; fileRef = 990440BF230A3E73008FCE2E /* AppDelegate.m */; };
		990440C6230A3E73008FCE2E /* Main.storyboard in Resources */ = {isa = PBXBuildFile; fileRef = 990440C4230A3E73008FCE2E /* Main.storyboard */; };
		990440C8230A3E74008FCE2E /* Assets.xcassets in Resources */ = {isa = PBXBuildFile; fileRef = 990440C7230A3E74008FCE2E /* Assets.xcassets */; };
		990440CB230A3E74008FCE2E /* LaunchScreen.storyboard in Resources */ = {isa = PBXBuildFile; fileRef = 990440C9230A3E74008FCE2E /* LaunchScreen.storyboard */; };
		990440CE230A3E74008FCE2E /* main.m in Sources */ = {isa = PBXBuildFile; fileRef = 990440CD230A3E74008FCE2E /* main.m */; };
		990756FD231377EB00F2B472 /* NSObject+Runtime.m in Sources */ = {isa = PBXBuildFile; fileRef = 990756FC231377EB00F2B472 /* NSObject+Runtime.m */; };
		9907570023137C4F00F2B472 /* NSArray+Safe.m in Sources */ = {isa = PBXBuildFile; fileRef = 990756FF23137C4F00F2B472 /* NSArray+Safe.m */; };
		99528C702316B2F400E6900A /* NSArrayVC.m in Sources */ = {isa = PBXBuildFile; fileRef = 99528C6F2316B2F400E6900A /* NSArrayVC.m */; };
		99528C732316B58D00E6900A /* NSMutableArrayVC.m in Sources */ = {isa = PBXBuildFile; fileRef = 99528C722316B58D00E6900A /* NSMutableArrayVC.m */; };
/* End PBXBuildFile section */

/* Begin PBXFileReference section */
		990440BB230A3E73008FCE2E /* AvoidCrash.app */ = {isa = PBXFileReference; explicitFileType = wrapper.application; includeInIndex = 0; path = AvoidCrash.app; sourceTree = BUILT_PRODUCTS_DIR; };
		990440BE230A3E73008FCE2E /* AppDelegate.h */ = {isa = PBXFileReference; lastKnownFileType = sourcecode.c.h; path = AppDelegate.h; sourceTree = "<group>"; };
		990440BF230A3E73008FCE2E /* AppDelegate.m */ = {isa = PBXFileReference; lastKnownFileType = sourcecode.c.objc; path = AppDelegate.m; sourceTree = "<group>"; };
		990440C5230A3E73008FCE2E /* Base */ = {isa = PBXFileReference; lastKnownFileType = file.storyboard; name = Base; path = Base.lproj/Main.storyboard; sourceTree = "<group>"; };
		990440C7230A3E74008FCE2E /* Assets.xcassets */ = {isa = PBXFileReference; lastKnownFileType = folder.assetcatalog; path = Assets.xcassets; sourceTree = "<group>"; };
		990440CA230A3E74008FCE2E /* Base */ = {isa = PBXFileReference; lastKnownFileType = file.storyboard; name = Base; path = Base.lproj/LaunchScreen.storyboard; sourceTree = "<group>"; };
		990440CC230A3E74008FCE2E /* Info.plist */ = {isa = PBXFileReference; lastKnownFileType = text.plist.xml; path = Info.plist; sourceTree = "<group>"; };
		990440CD230A3E74008FCE2E /* main.m */ = {isa = PBXFileReference; lastKnownFileType = sourcecode.c.objc; path = main.m; sourceTree = "<group>"; };
		990756FB231377EB00F2B472 /* NSObject+Runtime.h */ = {isa = PBXFileReference; lastKnownFileType = sourcecode.c.h; path = "NSObject+Runtime.h"; sourceTree = "<group>"; };
		990756FC231377EB00F2B472 /* NSObject+Runtime.m */ = {isa = PBXFileReference; lastKnownFileType = sourcecode.c.objc; path = "NSObject+Runtime.m"; sourceTree = "<group>"; };
		990756FE23137C4F00F2B472 /* NSArray+Safe.h */ = {isa = PBXFileReference; lastKnownFileType = sourcecode.c.h; path = "NSArray+Safe.h"; sourceTree = "<group>"; };
		990756FF23137C4F00F2B472 /* NSArray+Safe.m */ = {isa = PBXFileReference; lastKnownFileType = sourcecode.c.objc; path = "NSArray+Safe.m"; sourceTree = "<group>"; };
		99528C6E2316B2F400E6900A /* NSArrayVC.h */ = {isa = PBXFileReference; lastKnownFileType = sourcecode.c.h; path = NSArrayVC.h; sourceTree = "<group>"; };
		99528C6F2316B2F400E6900A /* NSArrayVC.m */ = {isa = PBXFileReference; lastKnownFileType = sourcecode.c.objc; path = NSArrayVC.m; sourceTree = "<group>"; };
		99528C712316B58C00E6900A /* NSMutableArrayVC.h */ = {isa = PBXFileReference; lastKnownFileType = sourcecode.c.h; path = NSMutableArrayVC.h; sourceTree = "<group>"; };
		99528C722316B58D00E6900A /* NSMutableArrayVC.m */ = {isa = PBXFileReference; lastKnownFileType = sourcecode.c.objc; path = NSMutableArrayVC.m; sourceTree = "<group>"; };
/* End PBXFileReference section */

/* Begin PBXFrameworksBuildPhase section */
		990440B8230A3E73008FCE2E /* Frameworks */ = {
			isa = PBXFrameworksBuildPhase;
			buildActionMask = 2147483647;
			files = (
			);
			runOnlyForDeploymentPostprocessing = 0;
		};
/* End PBXFrameworksBuildPhase section */

/* Begin PBXGroup section */
		990440B2230A3E73008FCE2E = {
			isa = PBXGroup;
			children = (
				990440BD230A3E73008FCE2E /* AvoidCrash */,
				990440BC230A3E73008FCE2E /* Products */,
			);
			sourceTree = "<group>";
		};
		990440BC230A3E73008FCE2E /* Products */ = {
			isa = PBXGroup;
			children = (
				990440BB230A3E73008FCE2E /* AvoidCrash.app */,
			);
			name = Products;
			sourceTree = "<group>";
		};
		990440BD230A3E73008FCE2E /* AvoidCrash */ = {
			isa = PBXGroup;
			children = (
				990756FA231377D600F2B472 /* LXRuntime */,
				99528C6A2316B2BB00E6900A /* Controller */,
				990440BE230A3E73008FCE2E /* AppDelegate.h */,
				990440BF230A3E73008FCE2E /* AppDelegate.m */,
				990440C4230A3E73008FCE2E /* Main.storyboard */,
				990440C7230A3E74008FCE2E /* Assets.xcassets */,
				990440C9230A3E74008FCE2E /* LaunchScreen.storyboard */,
				990440CC230A3E74008FCE2E /* Info.plist */,
				990440CD230A3E74008FCE2E /* main.m */,
			);
			path = AvoidCrash;
			sourceTree = "<group>";
		};
		990756FA231377D600F2B472 /* LXRuntime */ = {
			isa = PBXGroup;
			children = (
				990756FB231377EB00F2B472 /* NSObject+Runtime.h */,
				990756FC231377EB00F2B472 /* NSObject+Runtime.m */,
				990756FE23137C4F00F2B472 /* NSArray+Safe.h */,
				990756FF23137C4F00F2B472 /* NSArray+Safe.m */,
			);
			path = LXRuntime;
			sourceTree = "<group>";
		};
		99528C6A2316B2BB00E6900A /* Controller */ = {
			isa = PBXGroup;
			children = (
				99528C6E2316B2F400E6900A /* NSArrayVC.h */,
				99528C6F2316B2F400E6900A /* NSArrayVC.m */,
				99528C712316B58C00E6900A /* NSMutableArrayVC.h */,
				99528C722316B58D00E6900A /* NSMutableArrayVC.m */,
			);
			path = Controller;
			sourceTree = "<group>";
		};
/* End PBXGroup section */

/* Begin PBXNativeTarget section */
		990440BA230A3E73008FCE2E /* AvoidCrash */ = {
			isa = PBXNativeTarget;
			buildConfigurationList = 990440D1230A3E74008FCE2E /* Build configuration list for PBXNativeTarget "AvoidCrash" */;
			buildPhases = (
				990440B7230A3E73008FCE2E /* Sources */,
				990440B8230A3E73008FCE2E /* Frameworks */,
				990440B9230A3E73008FCE2E /* Resources */,
			);
			buildRules = (
			);
			dependencies = (
			);
			name = AvoidCrash;
			productName = AvoidCrash;
			productReference = 990440BB230A3E73008FCE2E /* AvoidCrash.app */;
			productType = "com.apple.product-type.application";
		};
/* End PBXNativeTarget section */

/* Begin PBXProject section */
		990440B3230A3E73008FCE2E /* Project object */ = {
			isa = PBXProject;
			attributes = {
				LastUpgradeCheck = 1020;
				ORGANIZATIONNAME = "启业云";
				TargetAttributes = {
					990440BA230A3E73008FCE2E = {
						CreatedOnToolsVersion = 10.2.1;
					};
				};
			};
			buildConfigurationList = 990440B6230A3E73008FCE2E /* Build configuration list for PBXProject "AvoidCrash" */;
			compatibilityVersion = "Xcode 9.3";
			developmentRegion = en;
			hasScannedForEncodings = 0;
			knownRegions = (
				en,
				Base,
			);
			mainGroup = 990440B2230A3E73008FCE2E;
			productRefGroup = 990440BC230A3E73008FCE2E /* Products */;
			projectDirPath = "";
			projectRoot = "";
			targets = (
				990440BA230A3E73008FCE2E /* AvoidCrash */,
			);
		};
/* End PBXProject section */

/* Begin PBXResourcesBuildPhase section */
		990440B9230A3E73008FCE2E /* Resources */ = {
			isa = PBXResourcesBuildPhase;
			buildActionMask = 2147483647;
			files = (
				990440CB230A3E74008FCE2E /* LaunchScreen.storyboard in Resources */,
				990440C8230A3E74008FCE2E /* Assets.xcassets in Resources */,
				990440C6230A3E73008FCE2E /* Main.storyboard in Resources */,
			);
			runOnlyForDeploymentPostprocessing = 0;
		};
/* End PBXResourcesBuildPhase section */

/* Begin PBXSourcesBuildPhase section */
		990440B7230A3E73008FCE2E /* Sources */ = {
			isa = PBXSourcesBuildPhase;
			buildActionMask = 2147483647;
			files = (
				990756FD231377EB00F2B472 /* NSObject+Runtime.m in Sources */,
				99528C702316B2F400E6900A /* NSArrayVC.m in Sources */,
				99528C732316B58D00E6900A /* NSMutableArrayVC.m in Sources */,
				9907570023137C4F00F2B472 /* NSArray+Safe.m in Sources */,
				990440CE230A3E74008FCE2E /* main.m in Sources */,
				990440C0230A3E73008FCE2E /* AppDelegate.m in Sources */,
			);
			runOnlyForDeploymentPostprocessing = 0;
		};
/* End PBXSourcesBuildPhase section */

/* Begin PBXVariantGroup section */
		990440C4230A3E73008FCE2E /* Main.storyboard */ = {
			isa = PBXVariantGroup;
			children = (
				990440C5230A3E73008FCE2E /* Base */,
			);
			name = Main.storyboard;
			sourceTree = "<group>";
		};
		990440C9230A3E74008FCE2E /* LaunchScreen.storyboard */ = {
			isa = PBXVariantGroup;
			children = (
				990440CA230A3E74008FCE2E /* Base */,
			);
			name = LaunchScreen.storyboard;
			sourceTree = "<group>";
		};
/* End PBXVariantGroup section */

/* Begin XCBuildConfiguration section */
		990440CF230A3E74008FCE2E /* Debug */ = {
			isa = XCBuildConfiguration;
			buildSettings = {
				ALWAYS_SEARCH_USER_PATHS = NO;
				CLANG_ANALYZER_NONNULL = YES;
				CLANG_ANALYZER_NUMBER_OBJECT_CONVERSION = YES_AGGRESSIVE;
				CLANG_CXX_LANGUAGE_STANDARD = "gnu++14";
				CLANG_CXX_LIBRARY = "libc++";
				CLANG_ENABLE_MODULES = YES;
				CLANG_ENABLE_OBJC_ARC = YES;
				CLANG_ENABLE_OBJC_WEAK = YES;
				CLANG_WARN_BLOCK_CAPTURE_AUTORELEASING = YES;
				CLANG_WARN_BOOL_CONVERSION = YES;
				CLANG_WARN_COMMA = YES;
				CLANG_WARN_CONSTANT_CONVERSION = YES;
				CLANG_WARN_DEPRECATED_OBJC_IMPLEMENTATIONS = YES;
				CLANG_WARN_DIRECT_OBJC_ISA_USAGE = YES_ERROR;
				CLANG_WARN_DOCUMENTATION_COMMENTS = YES;
				CLANG_WARN_EMPTY_BODY = YES;
				CLANG_WARN_ENUM_CONVERSION = YES;
				CLANG_WARN_INFINITE_RECURSION = YES;
				CLANG_WARN_INT_CONVERSION = YES;
				CLANG_WARN_NON_LITERAL_NULL_CONVERSION = YES;
				CLANG_WARN_OBJC_IMPLICIT_RETAIN_SELF = YES;
				CLANG_WARN_OBJC_LITERAL_CONVERSION = YES;
				CLANG_WARN_OBJC_ROOT_CLASS = YES_ERROR;
				CLANG_WARN_RANGE_LOOP_ANALYSIS = YES;
				CLANG_WARN_STRICT_PROTOTYPES = YES;
				CLANG_WARN_SUSPICIOUS_MOVE = YES;
				CLANG_WARN_UNGUARDED_AVAILABILITY = YES_AGGRESSIVE;
				CLANG_WARN_UNREACHABLE_CODE = YES;
				CLANG_WARN__DUPLICATE_METHOD_MATCH = YES;
				CODE_SIGN_IDENTITY = "iPhone Developer";
				COPY_PHASE_STRIP = NO;
				DEBUG_INFORMATION_FORMAT = dwarf;
				ENABLE_STRICT_OBJC_MSGSEND = YES;
				ENABLE_TESTABILITY = YES;
				GCC_C_LANGUAGE_STANDARD = gnu11;
				GCC_DYNAMIC_NO_PIC = NO;
				GCC_NO_COMMON_BLOCKS = YES;
				GCC_OPTIMIZATION_LEVEL = 0;
				GCC_PREPROCESSOR_DEFINITIONS = (
					"DEBUG=1",
					"$(inherited)",
				);
				GCC_WARN_64_TO_32_BIT_CONVERSION = YES;
				GCC_WARN_ABOUT_RETURN_TYPE = YES_ERROR;
				GCC_WARN_UNDECLARED_SELECTOR = YES;
				GCC_WARN_UNINITIALIZED_AUTOS = YES_AGGRESSIVE;
				GCC_WARN_UNUSED_FUNCTION = YES;
				GCC_WARN_UNUSED_VARIABLE = YES;
				IPHONEOS_DEPLOYMENT_TARGET = 12.2;
				MTL_ENABLE_DEBUG_INFO = INCLUDE_SOURCE;
				MTL_FAST_MATH = YES;
				ONLY_ACTIVE_ARCH = YES;
				SDKROOT = iphoneos;
			};
			name = Debug;
		};
		990440D0230A3E74008FCE2E /* Release */ = {
			isa = XCBuildConfiguration;
			buildSettings = {
				ALWAYS_SEARCH_USER_PATHS = NO;
				CLANG_ANALYZER_NONNULL = YES;
				CLANG_ANALYZER_NUMBER_OBJECT_CONVERSION = YES_AGGRESSIVE;
				CLANG_CXX_LANGUAGE_STANDARD = "gnu++14";
				CLANG_CXX_LIBRARY = "libc++";
				CLANG_ENABLE_MODULES = YES;
				CLANG_ENABLE_OBJC_ARC = YES;
				CLANG_ENABLE_OBJC_WEAK = YES;
				CLANG_WARN_BLOCK_CAPTURE_AUTORELEASING = YES;
				CLANG_WARN_BOOL_CONVERSION = YES;
				CLANG_WARN_COMMA = YES;
				CLANG_WARN_CONSTANT_CONVERSION = YES;
				CLANG_WARN_DEPRECATED_OBJC_IMPLEMENTATIONS = YES;
				CLANG_WARN_DIRECT_OBJC_ISA_USAGE = YES_ERROR;
				CLANG_WARN_DOCUMENTATION_COMMENTS = YES;
				CLANG_WARN_EMPTY_BODY = YES;
				CLANG_WARN_ENUM_CONVERSION = YES;
				CLANG_WARN_INFINITE_RECURSION = YES;
				CLANG_WARN_INT_CONVERSION = YES;
				CLANG_WARN_NON_LITERAL_NULL_CONVERSION = YES;
				CLANG_WARN_OBJC_IMPLICIT_RETAIN_SELF = YES;
				CLANG_WARN_OBJC_LITERAL_CONVERSION = YES;
				CLANG_WARN_OBJC_ROOT_CLASS = YES_ERROR;
				CLANG_WARN_RANGE_LOOP_ANALYSIS = YES;
				CLANG_WARN_STRICT_PROTOTYPES = YES;
				CLANG_WARN_SUSPICIOUS_MOVE = YES;
				CLANG_WARN_UNGUARDED_AVAILABILITY = YES_AGGRESSIVE;
				CLANG_WARN_UNREACHABLE_CODE = YES;
				CLANG_WARN__DUPLICATE_METHOD_MATCH = YES;
				CODE_SIGN_IDENTITY = "iPhone Developer";
				COPY_PHASE_STRIP = NO;
				DEBUG_INFORMATION_FORMAT = "dwarf-with-dsym";
				ENABLE_NS_ASSERTIONS = NO;
				ENABLE_STRICT_OBJC_MSGSEND = YES;
				GCC_C_LANGUAGE_STANDARD = gnu11;
				GCC_NO_COMMON_BLOCKS = YES;
				GCC_WARN_64_TO_32_BIT_CONVERSION = YES;
				GCC_WARN_ABOUT_RETURN_TYPE = YES_ERROR;
				GCC_WARN_UNDECLARED_SELECTOR = YES;
				GCC_WARN_UNINITIALIZED_AUTOS = YES_AGGRESSIVE;
				GCC_WARN_UNUSED_FUNCTION = YES;
				GCC_WARN_UNUSED_VARIABLE = YES;
				IPHONEOS_DEPLOYMENT_TARGET = 12.2;
				MTL_ENABLE_DEBUG_INFO = NO;
				MTL_FAST_MATH = YES;
				SDKROOT = iphoneos;
				VALIDATE_PRODUCT = YES;
			};
			name = Release;
		};
		990440D2230A3E74008FCE2E /* Debug */ = {
			isa = XCBuildConfiguration;
			buildSettings = {
				ASSETCATALOG_COMPILER_APPICON_NAME = AppIcon;
				CODE_SIGN_STYLE = Automatic;
				INFOPLIST_FILE = AvoidCrash/Info.plist;
				LD_RUNPATH_SEARCH_PATHS = (
					"$(inherited)",
					"@executable_path/Frameworks",
				);
				PRODUCT_BUNDLE_IDENTIFIER = com.lionsom.AvoidCrash;
				PRODUCT_NAME = "$(TARGET_NAME)";
				TARGETED_DEVICE_FAMILY = "1,2";
			};
			name = Debug;
		};
		990440D3230A3E74008FCE2E /* Release */ = {
			isa = XCBuildConfiguration;
			buildSettings = {
				ASSETCATALOG_COMPILER_APPICON_NAME = AppIcon;
				CODE_SIGN_STYLE = Automatic;
				INFOPLIST_FILE = AvoidCrash/Info.plist;
				LD_RUNPATH_SEARCH_PATHS = (
					"$(inherited)",
					"@executable_path/Frameworks",
				);
				PRODUCT_BUNDLE_IDENTIFIER = com.lionsom.AvoidCrash;
				PRODUCT_NAME = "$(TARGET_NAME)";
				TARGETED_DEVICE_FAMILY = "1,2";
			};
			name = Release;
		};
/* End XCBuildConfiguration section */

/* Begin XCConfigurationList section */
		990440B6230A3E73008FCE2E /* Build configuration list for PBXProject "AvoidCrash" */ = {
			isa = XCConfigurationList;
			buildConfigurations = (
				990440CF230A3E74008FCE2E /* Debug */,
				990440D0230A3E74008FCE2E /* Release */,
			);
			defaultConfigurationIsVisible = 0;
			defaultConfigurationName = Release;
		};
		990440D1230A3E74008FCE2E /* Build configuration list for PBXNativeTarget "AvoidCrash" */ = {
			isa = XCConfigurationList;
			buildConfigurations = (
				990440D2230A3E74008FCE2E /* Debug */,
				990440D3230A3E74008FCE2E /* Release */,
			);
			defaultConfigurationIsVisible = 0;
			defaultConfigurationName = Release;
		};
/* End XCConfigurationList section */
	};
	rootObject = 990440B3230A3E73008FCE2E /* Project object */;
}
